// !$*UTF8*$!
{
	archiveVersion = 1;
	classes = {
	};
	objectVersion = 46;
	objects = {

/* Begin PBXBuildFile section */
		DFB7C3751A9CF54F00A8A05C /* main.m in Sources */ = {isa = PBXBuildFile; fileRef = DFB7C3741A9CF54F00A8A05C /* main.m */; };
		DFB7C3781A9CF54F00A8A05C /* AppDelegate.m in Sources */ = {isa = PBXBuildFile; fileRef = DFB7C3771A9CF54F00A8A05C /* AppDelegate.m */; };
		DFB7C37B1A9CF54F00A8A05C /* ViewController.m in Sources */ = {isa = PBXBuildFile; fileRef = DFB7C37A1A9CF54F00A8A05C /* ViewController.m */; };
		DFB7C37E1A9CF54F00A8A05C /* Main.storyboard in Resources */ = {isa = PBXBuildFile; fileRef = DFB7C37C1A9CF54F00A8A05C /* Main.storyboard */; };
		DFB7C3801A9CF54F00A8A05C /* Images.xcassets in Resources */ = {isa = PBXBuildFile; fileRef = DFB7C37F1A9CF54F00A8A05C /* Images.xcassets */; };
		DFB7C3831A9CF54F00A8A05C /* LaunchScreen.xib in Resources */ = {isa = PBXBuildFile; fileRef = DFB7C3811A9CF54F00A8A05C /* LaunchScreen.xib */; };
		DFB7C38F1A9CF54F00A8A05C /* Overdue_1Tests.m in Sources */ = {isa = PBXBuildFile; fileRef = DFB7C38E1A9CF54F00A8A05C /* Overdue_1Tests.m */; };
/* End PBXBuildFile section */

/* Begin PBXContainerItemProxy section */
		DFB7C3891A9CF54F00A8A05C /* PBXContainerItemProxy */ = {
			isa = PBXContainerItemProxy;
			containerPortal = DFB7C3671A9CF54F00A8A05C /* Project object */;
			proxyType = 1;
			remoteGlobalIDString = DFB7C36E1A9CF54F00A8A05C;
			remoteInfo = Overdue_1;
		};
/* End PBXContainerItemProxy section */

/* Begin PBXFileReference section */
		DFB7C36F1A9CF54F00A8A05C /* Overdue_1.app */ = {isa = PBXFileReference; explicitFileType = wrapper.application; includeInIndex = 0; path = Overdue_1.app; sourceTree = BUILT_PRODUCTS_DIR; };
		DFB7C3731A9CF54F00A8A05C /* Info.plist */ = {isa = PBXFileReference; lastKnownFileType = text.plist.xml; path = Info.plist; sourceTree = "<group>"; };
		DFB7C3741A9CF54F00A8A05C /* main.m */ = {isa = PBXFileReference; lastKnownFileType = sourcecode.c.objc; path = main.m; sourceTree = "<group>"; };
		DFB7C3761A9CF54F00A8A05C /* AppDelegate.h */ = {isa = PBXFileReference; lastKnownFileType = sourcecode.c.h; path = AppDelegate.h; sourceTree = "<group>"; };
		DFB7C3771A9CF54F00A8A05C /* AppDelegate.m */ = {isa = PBXFileReference; lastKnownFileType = sourcecode.c.objc; path = AppDelegate.m; sourceTree = "<group>"; };
		DFB7C3791A9CF54F00A8A05C /* ViewController.h */ = {isa = PBXFileReference; lastKnownFileType = sourcecode.c.h; path = ViewController.h; sourceTree = "<group>"; };
		DFB7C37A1A9CF54F00A8A05C /* ViewController.m */ = {isa = PBXFileReference; lastKnownFileType = sourcecode.c.objc; path = ViewController.m; sourceTree = "<group>"; };
		DFB7C37D1A9CF54F00A8A05C /* Base */ = {isa = PBXFileReference; lastKnownFileType = file.storyboard; name = Base; path = Base.lproj/Main.storyboard; sourceTree = "<group>"; };
		DFB7C37F1A9CF54F00A8A05C /* Images.xcassets */ = {isa = PBXFileReference; lastKnownFileType = folder.assetcatalog; path = Images.xcassets; sourceTree = "<group>"; };
		DFB7C3821A9CF54F00A8A05C /* Base */ = {isa = PBXFileReference; lastKnownFileType = file.xib; name = Base; path = Base.lproj/LaunchScreen.xib; sourceTree = "<group>"; };
		DFB7C3881A9CF54F00A8A05C /* Overdue_1Tests.xctest */ = {isa = PBXFileReference; explicitFileType = wrapper.cfbundle; includeInIndex = 0; path = Overdue_1Tests.xctest; sourceTree = BUILT_PRODUCTS_DIR; };
		DFB7C38D1A9CF54F00A8A05C /* Info.plist */ = {isa = PBXFileReference; lastKnownFileType = text.plist.xml; path = Info.plist; sourceTree = "<group>"; };
		DFB7C38E1A9CF54F00A8A05C /* Overdue_1Tests.m */ = {isa = PBXFileReference; lastKnownFileType = sourcecode.c.objc; path = Overdue_1Tests.m; sourceTree = "<group>"; };
/* End PBXFileReference section */

/* Begin PBXFrameworksBuildPhase section */
		DFB7C36C1A9CF54F00A8A05C /* Frameworks */ = {
			isa = PBXFrameworksBuildPhase;
			buildActionMask = 2147483647;
			files = (
			);
			runOnlyForDeploymentPostprocessing = 0;
		};
		DFB7C3851A9CF54F00A8A05C /* Frameworks */ = {
			isa = PBXFrameworksBuildPhase;
			buildActionMask = 2147483647;
			files = (
			);
			runOnlyForDeploymentPostprocessing = 0;
		};
/* End PBXFrameworksBuildPhase section */

/* Begin PBXGroup section */
		DFB7C3661A9CF54F00A8A05C = {
			isa = PBXGroup;
			children = (
				DFB7C3711A9CF54F00A8A05C /* Overdue_1 */,
				DFB7C38B1A9CF54F00A8A05C /* Overdue_1Tests */,
				DFB7C3701A9CF54F00A8A05C /* Products */,
			);
			sourceTree = "<group>";
		};
		DFB7C3701A9CF54F00A8A05C /* Products */ = {
			isa = PBXGroup;
			children = (
				DFB7C36F1A9CF54F00A8A05C /* Overdue_1.app */,
				DFB7C3881A9CF54F00A8A05C /* Overdue_1Tests.xctest */,
			);
			name = Products;
			sourceTree = "<group>";
		};
		DFB7C3711A9CF54F00A8A05C /* Overdue_1 */ = {
			isa = PBXGroup;
			children = (
				DFB7C3761A9CF54F00A8A05C /* AppDelegate.h */,
				DFB7C3771A9CF54F00A8A05C /* AppDelegate.m */,
				DFB7C3791A9CF54F00A8A05C /* ViewController.h */,
				DFB7C37A1A9CF54F00A8A05C /* ViewController.m */,
				DFB7C37C1A9CF54F00A8A05C /* Main.storyboard */,
				DFB7C37F1A9CF54F00A8A05C /* Images.xcassets */,
				DFB7C3811A9CF54F00A8A05C /* LaunchScreen.xib */,
				DFB7C3721A9CF54F00A8A05C /* Supporting Files */,
			);
			path = Overdue_1;
			sourceTree = "<group>";
		};
		DFB7C3721A9CF54F00A8A05C /* Supporting Files */ = {
			isa = PBXGroup;
			children = (
				DFB7C3731A9CF54F00A8A05C /* Info.plist */,
				DFB7C3741A9CF54F00A8A05C /* main.m */,
			);
			name = "Supporting Files";
			sourceTree = "<group>";
		};
		DFB7C38B1A9CF54F00A8A05C /* Overdue_1Tests */ = {
			isa = PBXGroup;
			children = (
				DFB7C38E1A9CF54F00A8A05C /* Overdue_1Tests.m */,
				DFB7C38C1A9CF54F00A8A05C /* Supporting Files */,
			);
			path = Overdue_1Tests;
			sourceTree = "<group>";
		};
		DFB7C38C1A9CF54F00A8A05C /* Supporting Files */ = {
			isa = PBXGroup;
			children = (
				DFB7C38D1A9CF54F00A8A05C /* Info.plist */,
			);
			name = "Supporting Files";
			sourceTree = "<group>";
		};
/* End PBXGroup section */

/* Begin PBXNativeTarget section */
		DFB7C36E1A9CF54F00A8A05C /* Overdue_1 */ = {
			isa = PBXNativeTarget;
			buildConfigurationList = DFB7C3921A9CF54F00A8A05C /* Build configuration list for PBXNativeTarget "Overdue_1" */;
			buildPhases = (
				DFB7C36B1A9CF54F00A8A05C /* Sources */,
				DFB7C36C1A9CF54F00A8A05C /* Frameworks */,
				DFB7C36D1A9CF54F00A8A05C /* Resources */,
			);
			buildRules = (
			);
			dependencies = (
			);
			name = Overdue_1;
			productName = Overdue_1;
			productReference = DFB7C36F1A9CF54F00A8A05C /* Overdue_1.app */;
			productType = "com.apple.product-type.application";
		};
		DFB7C3871A9CF54F00A8A05C /* Overdue_1Tests */ = {
			isa = PBXNativeTarget;
			buildConfigurationList = DFB7C3951A9CF54F00A8A05C /* Build configuration list for PBXNativeTarget "Overdue_1Tests" */;
			buildPhases = (
				DFB7C3841A9CF54F00A8A05C /* Sources */,
				DFB7C3851A9CF54F00A8A05C /* Frameworks */,
				DFB7C3861A9CF54F00A8A05C /* Resources */,
			);
			buildRules = (
			);
			dependencies = (
				DFB7C38A1A9CF54F00A8A05C /* PBXTargetDependency */,
			);
			name = Overdue_1Tests;
			productName = Overdue_1Tests;
			productReference = DFB7C3881A9CF54F00A8A05C /* Overdue_1Tests.xctest */;
			productType = "com.apple.product-type.bundle.unit-test";
		};
/* End PBXNativeTarget section */

/* Begin PBXProject section */
		DFB7C3671A9CF54F00A8A05C /* Project object */ = {
			isa = PBXProject;
			attributes = {
				LastUpgradeCheck = 0610;
				ORGANIZATIONNAME = Maptier;
				TargetAttributes = {
					DFB7C36E1A9CF54F00A8A05C = {
						CreatedOnToolsVersion = 6.1.1;
					};
					DFB7C3871A9CF54F00A8A05C = {
						CreatedOnToolsVersion = 6.1.1;
						TestTargetID = DFB7C36E1A9CF54F00A8A05C;
					};
				};
			};
			buildConfigurationList = DFB7C36A1A9CF54F00A8A05C /* Build configuration list for PBXProject "Overdue_1" */;
			compatibilityVersion = "Xcode 3.2";
			developmentRegion = English;
			hasScannedForEncodings = 0;
			knownRegions = (
				en,
				Base,
			);
			mainGroup = DFB7C3661A9CF54F00A8A05C;
			productRefGroup = DFB7C3701A9CF54F00A8A05C /* Products */;
			projectDirPath = "";
			projectRoot = "";
			targets = (
				DFB7C36E1A9CF54F00A8A05C /* Overdue_1 */,
				DFB7C3871A9CF54F00A8A05C /* Overdue_1Tests */,
			);
		};
/* End PBXProject section */

/* Begin PBXResourcesBuildPhase section */
		DFB7C36D1A9CF54F00A8A05C /* Resources */ = {
			isa = PBXResourcesBuildPhase;
			buildActionMask = 2147483647;
			files = (
				DFB7C37E1A9CF54F00A8A05C /* Main.storyboard in Resources */,
				DFB7C3831A9CF54F00A8A05C /* LaunchScreen.xib in Resources */,
				DFB7C3801A9CF54F00A8A05C /* Images.xcassets in Resources */,
			);
			runOnlyForDeploymentPostprocessing = 0;
		};
		DFB7C3861A9CF54F00A8A05C /* Resources */ = {
			isa = PBXResourcesBuildPhase;
			buildActionMask = 2147483647;
			files = (
			);
			runOnlyForDeploymentPostprocessing = 0;
		};
/* End PBXResourcesBuildPhase section */

/* Begin PBXSourcesBuildPhase section */
		DFB7C36B1A9CF54F00A8A05C /* Sources */ = {
			isa = PBXSourcesBuildPhase;
			buildActionMask = 2147483647;
			files = (
				DFB7C37B1A9CF54F00A8A05C /* ViewController.m in Sources */,
				DFB7C3781A9CF54F00A8A05C /* AppDelegate.m in Sources */,
				DFB7C3751A9CF54F00A8A05C /* main.m in Sources */,
			);
			runOnlyForDeploymentPostprocessing = 0;
		};
		DFB7C3841A9CF54F00A8A05C /* Sources */ = {
			isa = PBXSourcesBuildPhase;
			buildActionMask = 2147483647;
			files = (
				DFB7C38F1A9CF54F00A8A05C /* Overdue_1Tests.m in Sources */,
			);
			runOnlyForDeploymentPostprocessing = 0;
		};
/* End PBXSourcesBuildPhase section */

/* Begin PBXTargetDependency section */
		DFB7C38A1A9CF54F00A8A05C /* PBXTargetDependency */ = {
			isa = PBXTargetDependency;
			target = DFB7C36E1A9CF54F00A8A05C /* Overdue_1 */;
			targetProxy = DFB7C3891A9CF54F00A8A05C /* PBXContainerItemProxy */;
		};
/* End PBXTargetDependency section */

/* Begin PBXVariantGroup section */
		DFB7C37C1A9CF54F00A8A05C /* Main.storyboard */ = {
			isa = PBXVariantGroup;
			children = (
				DFB7C37D1A9CF54F00A8A05C /* Base */,
			);
			name = Main.storyboard;
			sourceTree = "<group>";
		};
		DFB7C3811A9CF54F00A8A05C /* LaunchScreen.xib */ = {
			isa = PBXVariantGroup;
			children = (
				DFB7C3821A9CF54F00A8A05C /* Base */,
			);
			name = LaunchScreen.xib;
			sourceTree = "<group>";
		};
/* End PBXVariantGroup section */

/* Begin XCBuildConfiguration section */
		DFB7C3901A9CF54F00A8A05C /* Debug */ = {
			isa = XCBuildConfiguration;
			buildSettings = {
				ALWAYS_SEARCH_USER_PATHS = NO;
				CLANG_CXX_LANGUAGE_STANDARD = "gnu++0x";
				CLANG_CXX_LIBRARY = "libc++";
				CLANG_ENABLE_MODULES = YES;
				CLANG_ENABLE_OBJC_ARC = YES;
				CLANG_WARN_BOOL_CONVERSION = YES;
				CLANG_WARN_CONSTANT_CONVERSION = YES;
				CLANG_WARN_DIRECT_OBJC_ISA_USAGE = YES_ERROR;
				CLANG_WARN_EMPTY_BODY = YES;
				CLANG_WARN_ENUM_CONVERSION = YES;
				CLANG_WARN_INT_CONVERSION = YES;
				CLANG_WARN_OBJC_ROOT_CLASS = YES_ERROR;
				CLANG_WARN_UNREACHABLE_CODE = YES;
				CLANG_WARN__DUPLICATE_METHOD_MATCH = YES;
				"CODE_SIGN_IDENTITY[sdk=iphoneos*]" = "iPhone Developer";
				COPY_PHASE_STRIP = NO;
				ENABLE_STRICT_OBJC_MSGSEND = YES;
				GCC_C_LANGUAGE_STANDARD = gnu99;
				GCC_DYNAMIC_NO_PIC = NO;
				GCC_OPTIMIZATION_LEVEL = 0;
				GCC_PREPROCESSOR_DEFINITIONS = (
					"DEBUG=1",
					"$(inherited)",
				);
				GCC_SYMBOLS_PRIVATE_EXTERN = NO;
				GCC_WARN_64_TO_32_BIT_CONVERSION = YES;
				GCC_WARN_ABOUT_RETURN_TYPE = YES_ERROR;
				GCC_WARN_UNDECLARED_SELECTOR = YES;
				GCC_WARN_UNINITIALIZED_AUTOS = YES_AGGRESSIVE;
				GCC_WARN_UNUSED_FUNCTION = YES;
				GCC_WARN_UNUSED_VARIABLE = YES;
				IPHONEOS_DEPLOYMENT_TARGET = 8.1;
				MTL_ENABLE_DEBUG_INFO = YES;
				ONLY_ACTIVE_ARCH = YES;
				SDKROOT = iphoneos;
			};
			name = Debug;
		};
		DFB7C3911A9CF54F00A8A05C /* Release */ = {
			isa = XCBuildConfiguration;
			buildSettings = {
				ALWAYS_SEARCH_USER_PATHS = NO;
				CLANG_CXX_LANGUAGE_STANDARD = "gnu++0x";
				CLANG_CXX_LIBRARY = "libc++";
				CLANG_ENABLE_MODULES = YES;
				CLANG_ENABLE_OBJC_ARC = YES;
				CLANG_WARN_BOOL_CONVERSION = YES;
				CLANG_WARN_CONSTANT_CONVERSION = YES;
				CLANG_WARN_DIRECT_OBJC_ISA_USAGE = YES_ERROR;
				CLANG_WARN_EMPTY_BODY = YES;
				CLANG_WARN_ENUM_CONVERSION = YES;
				CLANG_WARN_INT_CONVERSION = YES;
				CLANG_WARN_OBJC_ROOT_CLASS = YES_ERROR;
				CLANG_WARN_UNREACHABLE_CODE = YES;
				CLANG_WARN__DUPLICATE_METHOD_MATCH = YES;
				"CODE_SIGN_IDENTITY[sdk=iphoneos*]" = "iPhone Developer";
				COPY_PHASE_STRIP = YES;
				ENABLE_NS_ASSERTIONS = NO;
				ENABLE_STRICT_OBJC_MSGSEND = YES;
				GCC_C_LANGUAGE_STANDARD = gnu99;
				GCC_WARN_64_TO_32_BIT_CONVERSION = YES;
				GCC_WARN_ABOUT_RETURN_TYPE = YES_ERROR;
				GCC_WARN_UNDECLARED_SELECTOR = YES;
				GCC_WARN_UNINITIALIZED_AUTOS = YES_AGGRESSIVE;
				GCC_WARN_UNUSED_FUNCTION = YES;
				GCC_WARN_UNUSED_VARIABLE = YES;
				IPHONEOS_DEPLOYMENT_TARGET = 8.1;
				MTL_ENABLE_DEBUG_INFO = NO;
				SDKROOT = iphoneos;
				VALIDATE_PRODUCT = YES;
			};
			name = Release;
		};
		DFB7C3931A9CF54F00A8A05C /* Debug */ = {
			isa = XCBuildConfiguration;
			buildSettings = {
				ASSETCATALOG_COMPILER_APPICON_NAME = AppIcon;
				INFOPLIST_FILE = Overdue_1/Info.plist;
				LD_RUNPATH_SEARCH_PATHS = "$(inherited) @executable_path/Frameworks";
				PRODUCT_NAME = "$(TARGET_NAME)";
			};
			name = Debug;
		};
		DFB7C3941A9CF54F00A8A05C /* Release */ = {
			isa = XCBuildConfiguration;
			buildSettings = {
				ASSETCATALOG_COMPILER_APPICON_NAME = AppIcon;
				INFOPLIST_FILE = Overdue_1/Info.plist;
				LD_RUNPATH_SEARCH_PATHS = "$(inherited) @executable_path/Frameworks";
				PRODUCT_NAME = "$(TARGET_NAME)";
			};
			name = Release;
		};
		DFB7C3961A9CF54F00A8A05C /* Debug */ = {
			isa = XCBuildConfiguration;
			buildSettings = {
				BUNDLE_LOADER = "$(TEST_HOST)";
				FRAMEWORK_SEARCH_PATHS = (
					"$(SDKROOT)/Developer/Library/Frameworks",
					"$(inherited)",
				);
				GCC_PREPROCESSOR_DEFINITIONS = (
					"DEBUG=1",
					"$(inherited)",
				);
				INFOPLIST_FILE = Overdue_1Tests/Info.plist;
				LD_RUNPATH_SEARCH_PATHS = "$(inherited) @executable_path/Frameworks @loader_path/Frameworks";
				PRODUCT_NAME = "$(TARGET_NAME)";
				TEST_HOST = "$(BUILT_PRODUCTS_DIR)/Overdue_1.app/Overdue_1";
			};
			name = Debug;
		};
		DFB7C3971A9CF54F00A8A05C /* Release */ = {
			isa = XCBuildConfiguration;
			buildSettings = {
				BUNDLE_LOADER = "$(TEST_HOST)";
				FRAMEWORK_SEARCH_PATHS = (
					"$(SDKROOT)/Developer/Library/Frameworks",
					"$(inherited)",
				);
				INFOPLIST_FILE = Overdue_1Tests/Info.plist;
				LD_RUNPATH_SEARCH_PATHS = "$(inherited) @executable_path/Frameworks @loader_path/Frameworks";
				PRODUCT_NAME = "$(TARGET_NAME)";
				TEST_HOST = "$(BUILT_PRODUCTS_DIR)/Overdue_1.app/Overdue_1";
			};
			name = Release;
		};
/* End XCBuildConfiguration section */

/* Begin XCConfigurationList section */
		DFB7C36A1A9CF54F00A8A05C /* Build configuration list for PBXProject "Overdue_1" */ = {
			isa = XCConfigurationList;
			buildConfigurations = (
				DFB7C3901A9CF54F00A8A05C /* Debug */,
				DFB7C3911A9CF54F00A8A05C /* Release */,
			);
			defaultConfigurationIsVisible = 0;
			defaultConfigurationName = Release;
		};
		DFB7C3921A9CF54F00A8A05C /* Build configuration list for PBXNativeTarget "Overdue_1" */ = {
			isa = XCConfigurationList;
			buildConfigurations = (
				DFB7C3931A9CF54F00A8A05C /* Debug */,
				DFB7C3941A9CF54F00A8A05C /* Release */,
			);
			defaultConfigurationIsVisible = 0;
		};
		DFB7C3951A9CF54F00A8A05C /* Build configuration list for PBXNativeTarget "Overdue_1Tests" */ = {
			isa = XCConfigurationList;
			buildConfigurations = (
				DFB7C3961A9CF54F00A8A05C /* Debug */,
				DFB7C3971A9CF54F00A8A05C /* Release */,
			);
			defaultConfigurationIsVisible = 0;
		};
/* End XCConfigurationList section */
	};
	rootObject = DFB7C3671A9CF54F00A8A05C /* Project object */;
}
